
Microsoft Visual Studio Solution File, Format Version 12.00
# Visual Studio Version 17
VisualStudioVersion = 17.1.32104.313
MinimumVisualStudioVersion = 10.0.40219.1
Project("{9A19103F-16F7-4668-BE54-9A1E7A4F7556}") = "HWebAPI", "HWebAPI\HWebAPI.csproj", "{6EB8C97F-6D87-41EA-8BB1-B2D2CCDE351A}"
EndProject
Project("{FAE04EC0-301F-11D3-BF4B-00C04F79EFBC}") = "HWebAPI_Test", "HWebAPI_Test\HWebAPI_Test.csproj", "{1E296043-F10D-4454-8F84-C2236B8BB807}"
EndProject
Global
	GlobalSection(SolutionConfigurationPlatforms) = preSolution
		Debug|Any CPU = Debug|Any CPU
		Release|Any CPU = Release|Any CPU
	EndGlobalSection
	GlobalSection(ProjectConfigurationPlatforms) = postSolution
		{6EB8C97F-6D87-41EA-8BB1-B2D2CCDE351A}.Debug|Any CPU.ActiveCfg = Debug|Any CPU
		{6EB8C97F-6D87-41EA-8BB1-B2D2CCDE351A}.Debug|Any CPU.Build.0 = Debug|Any CPU
		{6EB8C97F-6D87-41EA-8BB1-B2D2CCDE351A}.Release|Any CPU.ActiveCfg = Release|Any CPU
		{6EB8C97F-6D87-41EA-8BB1-B2D2CCDE351A}.Release|Any CPU.Build.0 = Release|Any CPU
		{1E296043-F10D-4454-8F84-C2236B8BB807}.Debug|Any CPU.ActiveCfg = Debug|Any CPU
		{1E296043-F10D-4454-8F84-C2236B8BB807}.Debug|Any CPU.Build.0 = Debug|Any CPU
		{1E296043-F10D-4454-8F84-C2236B8BB807}.Release|Any CPU.ActiveCfg = Release|Any CPU
		{1E296043-F10D-4454-8F84-C2236B8BB807}.Release|Any CPU.Build.0 = Release|Any CPU
	EndGlobalSection
	GlobalSection(SolutionProperties) = preSolution
		HideSolutionNode = FALSE
	EndGlobalSection
	GlobalSection(ExtensibilityGlobals) = postSolution
		SolutionGuid = {DBD6B592-5E80-4C56-ACBA-32354CF60EC5}
	EndGlobalSection
EndGlobal
